
Microsoft Visual Studio Solution File, Format Version 12.00
# Visual Studio Version 17
VisualStudioVersion = 17.2.32630.192
MinimumVisualStudioVersion = 10.0.40219.1
Project("{2150E333-8FDC-42A3-9474-1A3956D46DE8}") = "ProductsService", "ProductsService", "{A0ADD96F-11A4-4D45-8CBA-D80970DE3F44}"
EndProject
Project("{2150E333-8FDC-42A3-9474-1A3956D46DE8}") = "BasketService", "BasketService", "{DC8AAFB2-0B6B-47B8-80A6-63B2651EDF67}"
EndProject
Project("{FAE04EC0-301F-11D3-BF4B-00C04F79EFBC}") = "Product.API", "Product.API\Product.API.csproj", "{3C25D115-BBDF-4D61-B0AE-EF0407BD861C}"
EndProject
Project("{FAE04EC0-301F-11D3-BF4B-00C04F79EFBC}") = "Basket.API", "Basket.API\Basket.API.csproj", "{3A03A599-7CEC-4390-8C8D-3D8D9E23EF55}"
EndProject
Project("{2150E333-8FDC-42A3-9474-1A3956D46DE8}") = "CandidateService", "CandidateService", "{7EF89A1F-12D4-452B-86AD-AF37B35677F9}"
EndProject
Project("{2150E333-8FDC-42A3-9474-1A3956D46DE8}") = "API", "API", "{91314C35-ECBD-467E-879F-F19B95C8091B}"
EndProject
Project("{2150E333-8FDC-42A3-9474-1A3956D46DE8}") = "Core", "Core", "{9E640BB4-B25A-412C-9F97-C0558C05FAA6}"
EndProject
Project("{2150E333-8FDC-42A3-9474-1A3956D46DE8}") = "Infrastructure", "Infrastructure", "{0BEDF789-0FD4-41E5-BF5F-077EF34CD5C9}"
EndProject
Project("{2150E333-8FDC-42A3-9474-1A3956D46DE8}") = "src", "src", "{08560660-F691-4F8E-A45F-FEB4A57F571D}"
EndProject
Project("{2150E333-8FDC-42A3-9474-1A3956D46DE8}") = "GatewayService", "GatewayService", "{3351C897-E1C5-4759-85A4-3C4716573A86}"
EndProject
Project("{2150E333-8FDC-42A3-9474-1A3956D46DE8}") = "API", "API", "{A27D2E86-69E2-419F-BE15-8046770D49BE}"
EndProject
Project("{2150E333-8FDC-42A3-9474-1A3956D46DE8}") = "Core", "Core", "{89CDFA0B-7C09-4863-921C-A06BF8CF12DE}"
EndProject
Project("{2150E333-8FDC-42A3-9474-1A3956D46DE8}") = "RecruitmentService", "RecruitmentService", "{FD34E3D0-FEEF-47FD-B5DD-A34280E694F2}"
EndProject
Project("{2150E333-8FDC-42A3-9474-1A3956D46DE8}") = "API", "API", "{5820DD99-DDCE-4453-8C9A-38B0A463E494}"
EndProject
Project("{2150E333-8FDC-42A3-9474-1A3956D46DE8}") = "Core", "Core", "{39FAABDF-7348-454A-976D-637E6AD45CCA}"
EndProject
Project("{2150E333-8FDC-42A3-9474-1A3956D46DE8}") = "Infrastructure", "Infrastructure", "{3E85E757-902A-43B0-A36C-7A2272886B09}"
EndProject
Project("{2150E333-8FDC-42A3-9474-1A3956D46DE8}") = "Library", "Library", "{984C4463-4E68-4101-8531-015BAF38C28D}"
EndProject
Project("{2150E333-8FDC-42A3-9474-1A3956D46DE8}") = "TaskService", "TaskService", "{084B2390-A437-4DD4-9404-FFCB1E9B326E}"
EndProject
Project("{2150E333-8FDC-42A3-9474-1A3956D46DE8}") = "API", "API", "{BBC9C6DD-F6D4-46E7-A511-522ACBB5DEE1}"
EndProject
Project("{2150E333-8FDC-42A3-9474-1A3956D46DE8}") = "Core", "Core", "{5992DF41-5C00-4FBD-884C-663C8EEF7899}"
EndProject
Project("{2150E333-8FDC-42A3-9474-1A3956D46DE8}") = "Infrastructure", "Infrastructure", "{EC685E8F-45C9-4268-81D1-249BA9C35D9C}"
EndProject
Project("{2150E333-8FDC-42A3-9474-1A3956D46DE8}") = "EventService", "EventService", "{4F2F524A-9279-449D-8F1D-9305B6F8938C}"
EndProject
Project("{2150E333-8FDC-42A3-9474-1A3956D46DE8}") = "API", "API", "{79146254-3B28-4AF4-9519-59DF5A910E9C}"
EndProject
Project("{2150E333-8FDC-42A3-9474-1A3956D46DE8}") = "Core", "Core", "{5BA16D4A-75DE-4D9E-8906-6CB547B86780}"
EndProject
Project("{2150E333-8FDC-42A3-9474-1A3956D46DE8}") = "Infrastructure", "Infrastructure", "{274775A6-EC1D-415D-826B-1857CBFBCB70}"
EndProject
Project("{FAE04EC0-301F-11D3-BF4B-00C04F79EFBC}") = "Candidate.API.Client", "src\Library\Candidate.API.Client\Candidate.API.Client.csproj", "{8A8FAF4A-506E-4A9B-95D5-5BF97B9A8F99}"
EndProject
Project("{FAE04EC0-301F-11D3-BF4B-00C04F79EFBC}") = "CommunicationClient", "src\Library\CommunicationClient\CommunicationClient.csproj", "{F77FA0C8-DB03-4077-BF99-0A11873D486E}"
EndProject
Project("{FAE04EC0-301F-11D3-BF4B-00C04F79EFBC}") = "MQ", "src\Library\MQ\MQ.csproj", "{2593CB7A-03DC-425E-BC7E-EC4446E23F3A}"
EndProject
Project("{FAE04EC0-301F-11D3-BF4B-00C04F79EFBC}") = "RabbitMQ", "src\Library\RabbitMQ\RabbitMQ.csproj", "{8B140842-763C-4113-A252-7EE2CC1C3262}"
EndProject
Project("{FAE04EC0-301F-11D3-BF4B-00C04F79EFBC}") = "Recruitment.API.Client", "src\Library\Recruitment.API.Client\Recruitment.API.Client.csproj", "{6219D29B-084C-4346-BF39-C011B6C0D904}"
EndProject
Project("{FAE04EC0-301F-11D3-BF4B-00C04F79EFBC}") = "Candidate.API", "src\CandidateService\Candidate.API\Candidate.API.csproj", "{9A653B46-5E5A-409A-AE09-F9CAB871D190}"
EndProject
Project("{FAE04EC0-301F-11D3-BF4B-00C04F79EFBC}") = "Candidate.Application", "src\CandidateService\Candidate.Application\Candidate.Application.csproj", "{50B22551-CB4A-47E8-A0C8-F7E35F69DDD7}"
EndProject
Project("{FAE04EC0-301F-11D3-BF4B-00C04F79EFBC}") = "Candidate.Domain", "src\CandidateService\Candidate.Domain\Candidate.Domain.csproj", "{CCC40749-454D-447D-AE77-7401F7C4B6CC}"
EndProject
Project("{FAE04EC0-301F-11D3-BF4B-00C04F79EFBC}") = "Candidate.Persistence.EF", "src\CandidateService\Candidate.Persistence.EF\Candidate.Persistence.EF.csproj", "{3F0CA11B-AF54-47F0-828A-FF130E5D9B5F}"
EndProject
Project("{FAE04EC0-301F-11D3-BF4B-00C04F79EFBC}") = "Event.API", "src\EventService\Event.API\Event.API.csproj", "{6AD7E3DF-B078-4DE2-914F-451D00C03DDB}"
EndProject
Project("{FAE04EC0-301F-11D3-BF4B-00C04F79EFBC}") = "Event.Application", "src\EventService\Event.Application\Event.Application.csproj", "{5298FCD4-47C6-4E0C-B459-F24DBC7C7551}"
EndProject
Project("{FAE04EC0-301F-11D3-BF4B-00C04F79EFBC}") = "Event.Persistance.EF", "src\EventService\Event.Persistance.EF\Event.Persistance.EF.csproj", "{DF377A89-147A-4306-B462-969E1B7F4B1C}"
EndProject
Project("{FAE04EC0-301F-11D3-BF4B-00C04F79EFBC}") = "Gateway.API", "src\GatewayService\Gateway.API\Gateway.API.csproj", "{B7D26C69-EFA0-46F7-91F8-9EC80B03AFDA}"
EndProject
Project("{FAE04EC0-301F-11D3-BF4B-00C04F79EFBC}") = "Gateway.Application", "src\GatewayService\Gateway.Application\Gateway.Application.csproj", "{4DD30962-46CA-40E9-A858-4B42325F3235}"
EndProject
Project("{FAE04EC0-301F-11D3-BF4B-00C04F79EFBC}") = "Recruitment.API", "src\RecruitmentService\Recruitment.API\Recruitment.API.csproj", "{8BBF0481-B888-4972-BF8B-128E47674D11}"
EndProject
Project("{FAE04EC0-301F-11D3-BF4B-00C04F79EFBC}") = "Recruitment.Application", "src\RecruitmentService\Recruitment.Application\Recruitment.Application.csproj", "{2700FAEF-6895-4409-9C92-D24848D09AB9}"
EndProject
Project("{FAE04EC0-301F-11D3-BF4B-00C04F79EFBC}") = "Recruitment.Domain", "src\RecruitmentService\Recruitment.Domain\Recruitment.Domain.csproj", "{4D9B1E37-9C6F-40E6-971F-41F1E93BF4AA}"
EndProject
Project("{FAE04EC0-301F-11D3-BF4B-00C04F79EFBC}") = "Recruitment.Persistence.EF", "src\RecruitmentService\Recruitment.Persistence.EF\Recruitment.Persistence.EF.csproj", "{638D4895-60E3-4B5C-BBBB-66275C500F21}"
EndProject
Project("{FAE04EC0-301F-11D3-BF4B-00C04F79EFBC}") = "Task.API", "src\TaskService\Task.API\Task.API.csproj", "{4CCA3557-7CD4-4624-9FCA-8B6BEF82061B}"
EndProject
Project("{FAE04EC0-301F-11D3-BF4B-00C04F79EFBC}") = "Task.Application", "src\TaskService\Task.Application\Task.Application.csproj", "{664DAB9F-FD85-4039-A21C-6AC73F933AF6}"
EndProject
Project("{FAE04EC0-301F-11D3-BF4B-00C04F79EFBC}") = "Task.Persistence.EF", "src\TaskService\Task.Persistence.EF\Task.Persistence.EF.csproj", "{251B45DB-C3AC-4FF5-A335-31EF732916F0}"
EndProject
Global
	GlobalSection(SolutionConfigurationPlatforms) = preSolution
		Debug|Any CPU = Debug|Any CPU
		Release|Any CPU = Release|Any CPU
	EndGlobalSection
	GlobalSection(ProjectConfigurationPlatforms) = postSolution
		{3C25D115-BBDF-4D61-B0AE-EF0407BD861C}.Debug|Any CPU.ActiveCfg = Debug|Any CPU
		{3C25D115-BBDF-4D61-B0AE-EF0407BD861C}.Debug|Any CPU.Build.0 = Debug|Any CPU
		{3C25D115-BBDF-4D61-B0AE-EF0407BD861C}.Release|Any CPU.ActiveCfg = Release|Any CPU
		{3C25D115-BBDF-4D61-B0AE-EF0407BD861C}.Release|Any CPU.Build.0 = Release|Any CPU
		{3A03A599-7CEC-4390-8C8D-3D8D9E23EF55}.Debug|Any CPU.ActiveCfg = Debug|Any CPU
		{3A03A599-7CEC-4390-8C8D-3D8D9E23EF55}.Debug|Any CPU.Build.0 = Debug|Any CPU
		{3A03A599-7CEC-4390-8C8D-3D8D9E23EF55}.Release|Any CPU.ActiveCfg = Release|Any CPU
		{3A03A599-7CEC-4390-8C8D-3D8D9E23EF55}.Release|Any CPU.Build.0 = Release|Any CPU
		{8A8FAF4A-506E-4A9B-95D5-5BF97B9A8F99}.Debug|Any CPU.ActiveCfg = Debug|Any CPU
		{8A8FAF4A-506E-4A9B-95D5-5BF97B9A8F99}.Debug|Any CPU.Build.0 = Debug|Any CPU
		{8A8FAF4A-506E-4A9B-95D5-5BF97B9A8F99}.Release|Any CPU.ActiveCfg = Release|Any CPU
		{8A8FAF4A-506E-4A9B-95D5-5BF97B9A8F99}.Release|Any CPU.Build.0 = Release|Any CPU
		{F77FA0C8-DB03-4077-BF99-0A11873D486E}.Debug|Any CPU.ActiveCfg = Debug|Any CPU
		{F77FA0C8-DB03-4077-BF99-0A11873D486E}.Debug|Any CPU.Build.0 = Debug|Any CPU
		{F77FA0C8-DB03-4077-BF99-0A11873D486E}.Release|Any CPU.ActiveCfg = Release|Any CPU
		{F77FA0C8-DB03-4077-BF99-0A11873D486E}.Release|Any CPU.Build.0 = Release|Any CPU
		{2593CB7A-03DC-425E-BC7E-EC4446E23F3A}.Debug|Any CPU.ActiveCfg = Debug|Any CPU
		{2593CB7A-03DC-425E-BC7E-EC4446E23F3A}.Debug|Any CPU.Build.0 = Debug|Any CPU
		{2593CB7A-03DC-425E-BC7E-EC4446E23F3A}.Release|Any CPU.ActiveCfg = Release|Any CPU
		{2593CB7A-03DC-425E-BC7E-EC4446E23F3A}.Release|Any CPU.Build.0 = Release|Any CPU
		{8B140842-763C-4113-A252-7EE2CC1C3262}.Debug|Any CPU.ActiveCfg = Debug|Any CPU
		{8B140842-763C-4113-A252-7EE2CC1C3262}.Debug|Any CPU.Build.0 = Debug|Any CPU
		{8B140842-763C-4113-A252-7EE2CC1C3262}.Release|Any CPU.ActiveCfg = Release|Any CPU
		{8B140842-763C-4113-A252-7EE2CC1C3262}.Release|Any CPU.Build.0 = Release|Any CPU
		{6219D29B-084C-4346-BF39-C011B6C0D904}.Debug|Any CPU.ActiveCfg = Debug|Any CPU
		{6219D29B-084C-4346-BF39-C011B6C0D904}.Debug|Any CPU.Build.0 = Debug|Any CPU
		{6219D29B-084C-4346-BF39-C011B6C0D904}.Release|Any CPU.ActiveCfg = Release|Any CPU
		{6219D29B-084C-4346-BF39-C011B6C0D904}.Release|Any CPU.Build.0 = Release|Any CPU
		{9A653B46-5E5A-409A-AE09-F9CAB871D190}.Debug|Any CPU.ActiveCfg = Debug|Any CPU
		{9A653B46-5E5A-409A-AE09-F9CAB871D190}.Debug|Any CPU.Build.0 = Debug|Any CPU
		{9A653B46-5E5A-409A-AE09-F9CAB871D190}.Release|Any CPU.ActiveCfg = Release|Any CPU
		{9A653B46-5E5A-409A-AE09-F9CAB871D190}.Release|Any CPU.Build.0 = Release|Any CPU
		{50B22551-CB4A-47E8-A0C8-F7E35F69DDD7}.Debug|Any CPU.ActiveCfg = Debug|Any CPU
		{50B22551-CB4A-47E8-A0C8-F7E35F69DDD7}.Debug|Any CPU.Build.0 = Debug|Any CPU
		{50B22551-CB4A-47E8-A0C8-F7E35F69DDD7}.Release|Any CPU.ActiveCfg = Release|Any CPU
		{50B22551-CB4A-47E8-A0C8-F7E35F69DDD7}.Release|Any CPU.Build.0 = Release|Any CPU
		{CCC40749-454D-447D-AE77-7401F7C4B6CC}.Debug|Any CPU.ActiveCfg = Debug|Any CPU
		{CCC40749-454D-447D-AE77-7401F7C4B6CC}.Debug|Any CPU.Build.0 = Debug|Any CPU
		{CCC40749-454D-447D-AE77-7401F7C4B6CC}.Release|Any CPU.ActiveCfg = Release|Any CPU
		{CCC40749-454D-447D-AE77-7401F7C4B6CC}.Release|Any CPU.Build.0 = Release|Any CPU
		{3F0CA11B-AF54-47F0-828A-FF130E5D9B5F}.Debug|Any CPU.ActiveCfg = Debug|Any CPU
		{3F0CA11B-AF54-47F0-828A-FF130E5D9B5F}.Debug|Any CPU.Build.0 = Debug|Any CPU
		{3F0CA11B-AF54-47F0-828A-FF130E5D9B5F}.Release|Any CPU.ActiveCfg = Release|Any CPU
		{3F0CA11B-AF54-47F0-828A-FF130E5D9B5F}.Release|Any CPU.Build.0 = Release|Any CPU
		{6AD7E3DF-B078-4DE2-914F-451D00C03DDB}.Debug|Any CPU.ActiveCfg = Debug|Any CPU
		{6AD7E3DF-B078-4DE2-914F-451D00C03DDB}.Debug|Any CPU.Build.0 = Debug|Any CPU
		{6AD7E3DF-B078-4DE2-914F-451D00C03DDB}.Release|Any CPU.ActiveCfg = Release|Any CPU
		{6AD7E3DF-B078-4DE2-914F-451D00C03DDB}.Release|Any CPU.Build.0 = Release|Any CPU
		{5298FCD4-47C6-4E0C-B459-F24DBC7C7551}.Debug|Any CPU.ActiveCfg = Debug|Any CPU
		{5298FCD4-47C6-4E0C-B459-F24DBC7C7551}.Debug|Any CPU.Build.0 = Debug|Any CPU
		{5298FCD4-47C6-4E0C-B459-F24DBC7C7551}.Release|Any CPU.ActiveCfg = Release|Any CPU
		{5298FCD4-47C6-4E0C-B459-F24DBC7C7551}.Release|Any CPU.Build.0 = Release|Any CPU
		{DF377A89-147A-4306-B462-969E1B7F4B1C}.Debug|Any CPU.ActiveCfg = Debug|Any CPU
		{DF377A89-147A-4306-B462-969E1B7F4B1C}.Debug|Any CPU.Build.0 = Debug|Any CPU
		{DF377A89-147A-4306-B462-969E1B7F4B1C}.Release|Any CPU.ActiveCfg = Release|Any CPU
		{DF377A89-147A-4306-B462-969E1B7F4B1C}.Release|Any CPU.Build.0 = Release|Any CPU
		{B7D26C69-EFA0-46F7-91F8-9EC80B03AFDA}.Debug|Any CPU.ActiveCfg = Debug|Any CPU
		{B7D26C69-EFA0-46F7-91F8-9EC80B03AFDA}.Debug|Any CPU.Build.0 = Debug|Any CPU
		{B7D26C69-EFA0-46F7-91F8-9EC80B03AFDA}.Release|Any CPU.ActiveCfg = Release|Any CPU
		{B7D26C69-EFA0-46F7-91F8-9EC80B03AFDA}.Release|Any CPU.Build.0 = Release|Any CPU
		{4DD30962-46CA-40E9-A858-4B42325F3235}.Debug|Any CPU.ActiveCfg = Debug|Any CPU
		{4DD30962-46CA-40E9-A858-4B42325F3235}.Debug|Any CPU.Build.0 = Debug|Any CPU
		{4DD30962-46CA-40E9-A858-4B42325F3235}.Release|Any CPU.ActiveCfg = Release|Any CPU
		{4DD30962-46CA-40E9-A858-4B42325F3235}.Release|Any CPU.Build.0 = Release|Any CPU
		{8BBF0481-B888-4972-BF8B-128E47674D11}.Debug|Any CPU.ActiveCfg = Debug|Any CPU
		{8BBF0481-B888-4972-BF8B-128E47674D11}.Debug|Any CPU.Build.0 = Debug|Any CPU
		{8BBF0481-B888-4972-BF8B-128E47674D11}.Release|Any CPU.ActiveCfg = Release|Any CPU
		{8BBF0481-B888-4972-BF8B-128E47674D11}.Release|Any CPU.Build.0 = Release|Any CPU
		{2700FAEF-6895-4409-9C92-D24848D09AB9}.Debug|Any CPU.ActiveCfg = Debug|Any CPU
		{2700FAEF-6895-4409-9C92-D24848D09AB9}.Debug|Any CPU.Build.0 = Debug|Any CPU
		{2700FAEF-6895-4409-9C92-D24848D09AB9}.Release|Any CPU.ActiveCfg = Release|Any CPU
		{2700FAEF-6895-4409-9C92-D24848D09AB9}.Release|Any CPU.Build.0 = Release|Any CPU
		{4D9B1E37-9C6F-40E6-971F-41F1E93BF4AA}.Debug|Any CPU.ActiveCfg = Debug|Any CPU
		{4D9B1E37-9C6F-40E6-971F-41F1E93BF4AA}.Debug|Any CPU.Build.0 = Debug|Any CPU
		{4D9B1E37-9C6F-40E6-971F-41F1E93BF4AA}.Release|Any CPU.ActiveCfg = Release|Any CPU
		{4D9B1E37-9C6F-40E6-971F-41F1E93BF4AA}.Release|Any CPU.Build.0 = Release|Any CPU
		{638D4895-60E3-4B5C-BBBB-66275C500F21}.Debug|Any CPU.ActiveCfg = Debug|Any CPU
		{638D4895-60E3-4B5C-BBBB-66275C500F21}.Debug|Any CPU.Build.0 = Debug|Any CPU
		{638D4895-60E3-4B5C-BBBB-66275C500F21}.Release|Any CPU.ActiveCfg = Release|Any CPU
		{638D4895-60E3-4B5C-BBBB-66275C500F21}.Release|Any CPU.Build.0 = Release|Any CPU
		{4CCA3557-7CD4-4624-9FCA-8B6BEF82061B}.Debug|Any CPU.ActiveCfg = Debug|Any CPU
		{4CCA3557-7CD4-4624-9FCA-8B6BEF82061B}.Debug|Any CPU.Build.0 = Debug|Any CPU
		{4CCA3557-7CD4-4624-9FCA-8B6BEF82061B}.Release|Any CPU.ActiveCfg = Release|Any CPU
		{4CCA3557-7CD4-4624-9FCA-8B6BEF82061B}.Release|Any CPU.Build.0 = Release|Any CPU
		{664DAB9F-FD85-4039-A21C-6AC73F933AF6}.Debug|Any CPU.ActiveCfg = Debug|Any CPU
		{664DAB9F-FD85-4039-A21C-6AC73F933AF6}.Debug|Any CPU.Build.0 = Debug|Any CPU
		{664DAB9F-FD85-4039-A21C-6AC73F933AF6}.Release|Any CPU.ActiveCfg = Release|Any CPU
		{664DAB9F-FD85-4039-A21C-6AC73F933AF6}.Release|Any CPU.Build.0 = Release|Any CPU
		{251B45DB-C3AC-4FF5-A335-31EF732916F0}.Debug|Any CPU.ActiveCfg = Debug|Any CPU
		{251B45DB-C3AC-4FF5-A335-31EF732916F0}.Debug|Any CPU.Build.0 = Debug|Any CPU
		{251B45DB-C3AC-4FF5-A335-31EF732916F0}.Release|Any CPU.ActiveCfg = Release|Any CPU
		{251B45DB-C3AC-4FF5-A335-31EF732916F0}.Release|Any CPU.Build.0 = Release|Any CPU
	EndGlobalSection
	GlobalSection(SolutionProperties) = preSolution
		HideSolutionNode = FALSE
	EndGlobalSection
	GlobalSection(NestedProjects) = preSolution
		{3C25D115-BBDF-4D61-B0AE-EF0407BD861C} = {A0ADD96F-11A4-4D45-8CBA-D80970DE3F44}
		{3A03A599-7CEC-4390-8C8D-3D8D9E23EF55} = {DC8AAFB2-0B6B-47B8-80A6-63B2651EDF67}
		{91314C35-ECBD-467E-879F-F19B95C8091B} = {7EF89A1F-12D4-452B-86AD-AF37B35677F9}
		{9E640BB4-B25A-412C-9F97-C0558C05FAA6} = {7EF89A1F-12D4-452B-86AD-AF37B35677F9}
		{0BEDF789-0FD4-41E5-BF5F-077EF34CD5C9} = {7EF89A1F-12D4-452B-86AD-AF37B35677F9}
		{A0ADD96F-11A4-4D45-8CBA-D80970DE3F44} = {08560660-F691-4F8E-A45F-FEB4A57F571D}
		{7EF89A1F-12D4-452B-86AD-AF37B35677F9} = {08560660-F691-4F8E-A45F-FEB4A57F571D}
		{DC8AAFB2-0B6B-47B8-80A6-63B2651EDF67} = {08560660-F691-4F8E-A45F-FEB4A57F571D}
		{3351C897-E1C5-4759-85A4-3C4716573A86} = {08560660-F691-4F8E-A45F-FEB4A57F571D}
		{A27D2E86-69E2-419F-BE15-8046770D49BE} = {3351C897-E1C5-4759-85A4-3C4716573A86}
		{89CDFA0B-7C09-4863-921C-A06BF8CF12DE} = {3351C897-E1C5-4759-85A4-3C4716573A86}
		{FD34E3D0-FEEF-47FD-B5DD-A34280E694F2} = {08560660-F691-4F8E-A45F-FEB4A57F571D}
		{5820DD99-DDCE-4453-8C9A-38B0A463E494} = {FD34E3D0-FEEF-47FD-B5DD-A34280E694F2}
		{39FAABDF-7348-454A-976D-637E6AD45CCA} = {FD34E3D0-FEEF-47FD-B5DD-A34280E694F2}
		{3E85E757-902A-43B0-A36C-7A2272886B09} = {FD34E3D0-FEEF-47FD-B5DD-A34280E694F2}
		{984C4463-4E68-4101-8531-015BAF38C28D} = {08560660-F691-4F8E-A45F-FEB4A57F571D}
		{084B2390-A437-4DD4-9404-FFCB1E9B326E} = {08560660-F691-4F8E-A45F-FEB4A57F571D}
		{BBC9C6DD-F6D4-46E7-A511-522ACBB5DEE1} = {084B2390-A437-4DD4-9404-FFCB1E9B326E}
		{5992DF41-5C00-4FBD-884C-663C8EEF7899} = {084B2390-A437-4DD4-9404-FFCB1E9B326E}
		{EC685E8F-45C9-4268-81D1-249BA9C35D9C} = {084B2390-A437-4DD4-9404-FFCB1E9B326E}
		{4F2F524A-9279-449D-8F1D-9305B6F8938C} = {08560660-F691-4F8E-A45F-FEB4A57F571D}
		{79146254-3B28-4AF4-9519-59DF5A910E9C} = {4F2F524A-9279-449D-8F1D-9305B6F8938C}
		{5BA16D4A-75DE-4D9E-8906-6CB547B86780} = {4F2F524A-9279-449D-8F1D-9305B6F8938C}
		{274775A6-EC1D-415D-826B-1857CBFBCB70} = {4F2F524A-9279-449D-8F1D-9305B6F8938C}
		{8A8FAF4A-506E-4A9B-95D5-5BF97B9A8F99} = {984C4463-4E68-4101-8531-015BAF38C28D}
		{F77FA0C8-DB03-4077-BF99-0A11873D486E} = {984C4463-4E68-4101-8531-015BAF38C28D}
		{2593CB7A-03DC-425E-BC7E-EC4446E23F3A} = {984C4463-4E68-4101-8531-015BAF38C28D}
		{8B140842-763C-4113-A252-7EE2CC1C3262} = {984C4463-4E68-4101-8531-015BAF38C28D}
		{6219D29B-084C-4346-BF39-C011B6C0D904} = {984C4463-4E68-4101-8531-015BAF38C28D}
		{9A653B46-5E5A-409A-AE09-F9CAB871D190} = {91314C35-ECBD-467E-879F-F19B95C8091B}
		{50B22551-CB4A-47E8-A0C8-F7E35F69DDD7} = {9E640BB4-B25A-412C-9F97-C0558C05FAA6}
		{CCC40749-454D-447D-AE77-7401F7C4B6CC} = {9E640BB4-B25A-412C-9F97-C0558C05FAA6}
		{3F0CA11B-AF54-47F0-828A-FF130E5D9B5F} = {0BEDF789-0FD4-41E5-BF5F-077EF34CD5C9}
		{6AD7E3DF-B078-4DE2-914F-451D00C03DDB} = {79146254-3B28-4AF4-9519-59DF5A910E9C}
		{5298FCD4-47C6-4E0C-B459-F24DBC7C7551} = {5BA16D4A-75DE-4D9E-8906-6CB547B86780}
		{DF377A89-147A-4306-B462-969E1B7F4B1C} = {274775A6-EC1D-415D-826B-1857CBFBCB70}
		{B7D26C69-EFA0-46F7-91F8-9EC80B03AFDA} = {A27D2E86-69E2-419F-BE15-8046770D49BE}
		{4DD30962-46CA-40E9-A858-4B42325F3235} = {89CDFA0B-7C09-4863-921C-A06BF8CF12DE}
		{8BBF0481-B888-4972-BF8B-128E47674D11} = {5820DD99-DDCE-4453-8C9A-38B0A463E494}
		{2700FAEF-6895-4409-9C92-D24848D09AB9} = {39FAABDF-7348-454A-976D-637E6AD45CCA}
		{4D9B1E37-9C6F-40E6-971F-41F1E93BF4AA} = {39FAABDF-7348-454A-976D-637E6AD45CCA}
		{638D4895-60E3-4B5C-BBBB-66275C500F21} = {3E85E757-902A-43B0-A36C-7A2272886B09}
		{4CCA3557-7CD4-4624-9FCA-8B6BEF82061B} = {BBC9C6DD-F6D4-46E7-A511-522ACBB5DEE1}
		{664DAB9F-FD85-4039-A21C-6AC73F933AF6} = {5992DF41-5C00-4FBD-884C-663C8EEF7899}
		{251B45DB-C3AC-4FF5-A335-31EF732916F0} = {EC685E8F-45C9-4268-81D1-249BA9C35D9C}
	EndGlobalSection
	GlobalSection(ExtensibilityGlobals) = postSolution
		SolutionGuid = {8E6013DD-CABB-4816-A270-694619EB38C8}
	EndGlobalSection
EndGlobal
