
Microsoft Visual Studio Solution File, Format Version 12.00
# Visual Studio Version 17
VisualStudioVersion = 17.2.32630.192
MinimumVisualStudioVersion = 10.0.40219.1
Project("{9A19103F-16F7-4668-BE54-9A1E7A4F7556}") = "mikroserwisy", "mikroserwisy\mikroserwisy.csproj", "{7E85C8FB-FA50-4E40-AB34-1B299BC6DDE5}"
EndProject
Project("{2150E333-8FDC-42A3-9474-1A3956D46DE8}") = "ProductsService", "ProductsService", "{A0ADD96F-11A4-4D45-8CBA-D80970DE3F44}"
EndProject
Project("{2150E333-8FDC-42A3-9474-1A3956D46DE8}") = "BasketService", "BasketService", "{DC8AAFB2-0B6B-47B8-80A6-63B2651EDF67}"
EndProject
Project("{FAE04EC0-301F-11D3-BF4B-00C04F79EFBC}") = "Product.API", "Product.API\Product.API.csproj", "{3C25D115-BBDF-4D61-B0AE-EF0407BD861C}"
EndProject
Project("{FAE04EC0-301F-11D3-BF4B-00C04F79EFBC}") = "Basket.API", "Basket.API\Basket.API.csproj", "{3A03A599-7CEC-4390-8C8D-3D8D9E23EF55}"
EndProject
Project("{2150E333-8FDC-42A3-9474-1A3956D46DE8}") = "CandidateService", "CandidateService", "{7EF89A1F-12D4-452B-86AD-AF37B35677F9}"
EndProject
Project("{2150E333-8FDC-42A3-9474-1A3956D46DE8}") = "API", "API", "{91314C35-ECBD-467E-879F-F19B95C8091B}"
EndProject
Project("{2150E333-8FDC-42A3-9474-1A3956D46DE8}") = "Core", "Core", "{9E640BB4-B25A-412C-9F97-C0558C05FAA6}"
EndProject
Project("{2150E333-8FDC-42A3-9474-1A3956D46DE8}") = "Infrastructure", "Infrastructure", "{0BEDF789-0FD4-41E5-BF5F-077EF34CD5C9}"
EndProject
Project("{FAE04EC0-301F-11D3-BF4B-00C04F79EFBC}") = "Candidate.API", "Candidate.API\Candidate.API.csproj", "{1FAB5D51-5B4D-4024-AF89-4259E574A7D9}"
EndProject
Project("{FAE04EC0-301F-11D3-BF4B-00C04F79EFBC}") = "Candidate.Application", "Candidate.Application\Candidate.Application.csproj", "{FDA1D935-FE3F-47F5-8C04-D5A1890562DB}"
EndProject
Project("{FAE04EC0-301F-11D3-BF4B-00C04F79EFBC}") = "Candidate.Domain", "Candidate.Domain\Candidate.Domain.csproj", "{EEE71D0F-7C03-4D7A-8B9D-FA2C07FC6C6D}"
EndProject
Project("{FAE04EC0-301F-11D3-BF4B-00C04F79EFBC}") = "Candidate.Persistence.EF", "Candidate.Persistence.EF\Candidate.Persistence.EF.csproj", "{C4DD620F-7366-4B36-AFB7-E373C5F17794}"
EndProject
Project("{2150E333-8FDC-42A3-9474-1A3956D46DE8}") = "src", "src", "{08560660-F691-4F8E-A45F-FEB4A57F571D}"
EndProject
Project("{2150E333-8FDC-42A3-9474-1A3956D46DE8}") = "GatewayService", "GatewayService", "{3351C897-E1C5-4759-85A4-3C4716573A86}"
EndProject
Project("{2150E333-8FDC-42A3-9474-1A3956D46DE8}") = "API", "API", "{A27D2E86-69E2-419F-BE15-8046770D49BE}"
EndProject
Project("{FAE04EC0-301F-11D3-BF4B-00C04F79EFBC}") = "Gateway.API", "Gateway.API\Gateway.API.csproj", "{C096557C-208A-4E4D-9481-EE24EFB2D52B}"
EndProject
Project("{2150E333-8FDC-42A3-9474-1A3956D46DE8}") = "Core", "Core", "{89CDFA0B-7C09-4863-921C-A06BF8CF12DE}"
EndProject
Project("{FAE04EC0-301F-11D3-BF4B-00C04F79EFBC}") = "Gateway.Application", "Gateway.Application\Gateway.Application.csproj", "{207ACFC2-280E-48A5-BE18-BA78F7FAC4C8}"
EndProject
Project("{2150E333-8FDC-42A3-9474-1A3956D46DE8}") = "RecruitmentService", "RecruitmentService", "{FD34E3D0-FEEF-47FD-B5DD-A34280E694F2}"
EndProject
Project("{2150E333-8FDC-42A3-9474-1A3956D46DE8}") = "API", "API", "{5820DD99-DDCE-4453-8C9A-38B0A463E494}"
EndProject
Project("{2150E333-8FDC-42A3-9474-1A3956D46DE8}") = "Core", "Core", "{39FAABDF-7348-454A-976D-637E6AD45CCA}"
EndProject
Project("{2150E333-8FDC-42A3-9474-1A3956D46DE8}") = "Infrastructure", "Infrastructure", "{3E85E757-902A-43B0-A36C-7A2272886B09}"
EndProject
Project("{FAE04EC0-301F-11D3-BF4B-00C04F79EFBC}") = "Recruitment.API", "Recruitment.API\Recruitment.API.csproj", "{F40B3378-B82C-407E-8442-508244533553}"
EndProject
Project("{FAE04EC0-301F-11D3-BF4B-00C04F79EFBC}") = "Recruitment.Application", "Recruitment.Application\Recruitment.Application.csproj", "{1DEAB310-96FE-482F-AE9B-1E491DBD4F3D}"
EndProject
Project("{FAE04EC0-301F-11D3-BF4B-00C04F79EFBC}") = "Recruitment.Domain", "Recruitment.Domain\Recruitment.Domain.csproj", "{73592D95-51A5-455E-8471-9DF204B179A8}"
EndProject
Project("{FAE04EC0-301F-11D3-BF4B-00C04F79EFBC}") = "Recruitment.Persistence.EF", "Recruitment.Persistence.EF\Recruitment.Persistence.EF.csproj", "{672CCEA9-5384-4529-88CD-FE452B29228F}"
EndProject
Project("{2150E333-8FDC-42A3-9474-1A3956D46DE8}") = "Library", "Library", "{984C4463-4E68-4101-8531-015BAF38C28D}"
EndProject
Project("{FAE04EC0-301F-11D3-BF4B-00C04F79EFBC}") = "Recruitment.API.Client", "Recruitment.API.Client\Recruitment.API.Client.csproj", "{C8B86AA8-5BFB-4CC6-B3DE-06279C7C919E}"
EndProject
Project("{FAE04EC0-301F-11D3-BF4B-00C04F79EFBC}") = "MQ", "MQ\MQ.csproj", "{65E0AB8E-B225-40D5-872E-7AF26EFA0956}"
EndProject
Project("{FAE04EC0-301F-11D3-BF4B-00C04F79EFBC}") = "RabbitMQ", "RabbitMQ\RabbitMQ.csproj", "{A7CD0EEE-3EDE-4CC4-B5E9-336C96ADC0C3}"
EndProject
Project("{FAE04EC0-301F-11D3-BF4B-00C04F79EFBC}") = "CommunicationClient", "CommunicationClient\CommunicationClient.csproj", "{01C8A9A4-8EDE-4730-BCA4-84B6DE00057C}"
EndProject
Global
	GlobalSection(SolutionConfigurationPlatforms) = preSolution
		Debug|Any CPU = Debug|Any CPU
		Release|Any CPU = Release|Any CPU
	EndGlobalSection
	GlobalSection(ProjectConfigurationPlatforms) = postSolution
		{7E85C8FB-FA50-4E40-AB34-1B299BC6DDE5}.Debug|Any CPU.ActiveCfg = Debug|Any CPU
		{7E85C8FB-FA50-4E40-AB34-1B299BC6DDE5}.Debug|Any CPU.Build.0 = Debug|Any CPU
		{7E85C8FB-FA50-4E40-AB34-1B299BC6DDE5}.Release|Any CPU.ActiveCfg = Release|Any CPU
		{7E85C8FB-FA50-4E40-AB34-1B299BC6DDE5}.Release|Any CPU.Build.0 = Release|Any CPU
		{3C25D115-BBDF-4D61-B0AE-EF0407BD861C}.Debug|Any CPU.ActiveCfg = Debug|Any CPU
		{3C25D115-BBDF-4D61-B0AE-EF0407BD861C}.Debug|Any CPU.Build.0 = Debug|Any CPU
		{3C25D115-BBDF-4D61-B0AE-EF0407BD861C}.Release|Any CPU.ActiveCfg = Release|Any CPU
		{3C25D115-BBDF-4D61-B0AE-EF0407BD861C}.Release|Any CPU.Build.0 = Release|Any CPU
		{3A03A599-7CEC-4390-8C8D-3D8D9E23EF55}.Debug|Any CPU.ActiveCfg = Debug|Any CPU
		{3A03A599-7CEC-4390-8C8D-3D8D9E23EF55}.Debug|Any CPU.Build.0 = Debug|Any CPU
		{3A03A599-7CEC-4390-8C8D-3D8D9E23EF55}.Release|Any CPU.ActiveCfg = Release|Any CPU
		{3A03A599-7CEC-4390-8C8D-3D8D9E23EF55}.Release|Any CPU.Build.0 = Release|Any CPU
		{1FAB5D51-5B4D-4024-AF89-4259E574A7D9}.Debug|Any CPU.ActiveCfg = Debug|Any CPU
		{1FAB5D51-5B4D-4024-AF89-4259E574A7D9}.Debug|Any CPU.Build.0 = Debug|Any CPU
		{1FAB5D51-5B4D-4024-AF89-4259E574A7D9}.Release|Any CPU.ActiveCfg = Release|Any CPU
		{1FAB5D51-5B4D-4024-AF89-4259E574A7D9}.Release|Any CPU.Build.0 = Release|Any CPU
		{FDA1D935-FE3F-47F5-8C04-D5A1890562DB}.Debug|Any CPU.ActiveCfg = Debug|Any CPU
		{FDA1D935-FE3F-47F5-8C04-D5A1890562DB}.Debug|Any CPU.Build.0 = Debug|Any CPU
		{FDA1D935-FE3F-47F5-8C04-D5A1890562DB}.Release|Any CPU.ActiveCfg = Release|Any CPU
		{FDA1D935-FE3F-47F5-8C04-D5A1890562DB}.Release|Any CPU.Build.0 = Release|Any CPU
		{EEE71D0F-7C03-4D7A-8B9D-FA2C07FC6C6D}.Debug|Any CPU.ActiveCfg = Debug|Any CPU
		{EEE71D0F-7C03-4D7A-8B9D-FA2C07FC6C6D}.Debug|Any CPU.Build.0 = Debug|Any CPU
		{EEE71D0F-7C03-4D7A-8B9D-FA2C07FC6C6D}.Release|Any CPU.ActiveCfg = Release|Any CPU
		{EEE71D0F-7C03-4D7A-8B9D-FA2C07FC6C6D}.Release|Any CPU.Build.0 = Release|Any CPU
		{C4DD620F-7366-4B36-AFB7-E373C5F17794}.Debug|Any CPU.ActiveCfg = Debug|Any CPU
		{C4DD620F-7366-4B36-AFB7-E373C5F17794}.Debug|Any CPU.Build.0 = Debug|Any CPU
		{C4DD620F-7366-4B36-AFB7-E373C5F17794}.Release|Any CPU.ActiveCfg = Release|Any CPU
		{C4DD620F-7366-4B36-AFB7-E373C5F17794}.Release|Any CPU.Build.0 = Release|Any CPU
		{C096557C-208A-4E4D-9481-EE24EFB2D52B}.Debug|Any CPU.ActiveCfg = Debug|Any CPU
		{C096557C-208A-4E4D-9481-EE24EFB2D52B}.Debug|Any CPU.Build.0 = Debug|Any CPU
		{C096557C-208A-4E4D-9481-EE24EFB2D52B}.Release|Any CPU.ActiveCfg = Release|Any CPU
		{C096557C-208A-4E4D-9481-EE24EFB2D52B}.Release|Any CPU.Build.0 = Release|Any CPU
		{207ACFC2-280E-48A5-BE18-BA78F7FAC4C8}.Debug|Any CPU.ActiveCfg = Debug|Any CPU
		{207ACFC2-280E-48A5-BE18-BA78F7FAC4C8}.Debug|Any CPU.Build.0 = Debug|Any CPU
		{207ACFC2-280E-48A5-BE18-BA78F7FAC4C8}.Release|Any CPU.ActiveCfg = Release|Any CPU
		{207ACFC2-280E-48A5-BE18-BA78F7FAC4C8}.Release|Any CPU.Build.0 = Release|Any CPU
		{F40B3378-B82C-407E-8442-508244533553}.Debug|Any CPU.ActiveCfg = Debug|Any CPU
		{F40B3378-B82C-407E-8442-508244533553}.Debug|Any CPU.Build.0 = Debug|Any CPU
		{F40B3378-B82C-407E-8442-508244533553}.Release|Any CPU.ActiveCfg = Release|Any CPU
		{F40B3378-B82C-407E-8442-508244533553}.Release|Any CPU.Build.0 = Release|Any CPU
		{1DEAB310-96FE-482F-AE9B-1E491DBD4F3D}.Debug|Any CPU.ActiveCfg = Debug|Any CPU
		{1DEAB310-96FE-482F-AE9B-1E491DBD4F3D}.Debug|Any CPU.Build.0 = Debug|Any CPU
		{1DEAB310-96FE-482F-AE9B-1E491DBD4F3D}.Release|Any CPU.ActiveCfg = Release|Any CPU
		{1DEAB310-96FE-482F-AE9B-1E491DBD4F3D}.Release|Any CPU.Build.0 = Release|Any CPU
		{73592D95-51A5-455E-8471-9DF204B179A8}.Debug|Any CPU.ActiveCfg = Debug|Any CPU
		{73592D95-51A5-455E-8471-9DF204B179A8}.Debug|Any CPU.Build.0 = Debug|Any CPU
		{73592D95-51A5-455E-8471-9DF204B179A8}.Release|Any CPU.ActiveCfg = Release|Any CPU
		{73592D95-51A5-455E-8471-9DF204B179A8}.Release|Any CPU.Build.0 = Release|Any CPU
		{672CCEA9-5384-4529-88CD-FE452B29228F}.Debug|Any CPU.ActiveCfg = Debug|Any CPU
		{672CCEA9-5384-4529-88CD-FE452B29228F}.Debug|Any CPU.Build.0 = Debug|Any CPU
		{672CCEA9-5384-4529-88CD-FE452B29228F}.Release|Any CPU.ActiveCfg = Release|Any CPU
		{672CCEA9-5384-4529-88CD-FE452B29228F}.Release|Any CPU.Build.0 = Release|Any CPU
		{C8B86AA8-5BFB-4CC6-B3DE-06279C7C919E}.Debug|Any CPU.ActiveCfg = Debug|Any CPU
		{C8B86AA8-5BFB-4CC6-B3DE-06279C7C919E}.Debug|Any CPU.Build.0 = Debug|Any CPU
		{C8B86AA8-5BFB-4CC6-B3DE-06279C7C919E}.Release|Any CPU.ActiveCfg = Release|Any CPU
		{C8B86AA8-5BFB-4CC6-B3DE-06279C7C919E}.Release|Any CPU.Build.0 = Release|Any CPU
		{65E0AB8E-B225-40D5-872E-7AF26EFA0956}.Debug|Any CPU.ActiveCfg = Debug|Any CPU
		{65E0AB8E-B225-40D5-872E-7AF26EFA0956}.Debug|Any CPU.Build.0 = Debug|Any CPU
		{65E0AB8E-B225-40D5-872E-7AF26EFA0956}.Release|Any CPU.ActiveCfg = Release|Any CPU
		{65E0AB8E-B225-40D5-872E-7AF26EFA0956}.Release|Any CPU.Build.0 = Release|Any CPU
		{A7CD0EEE-3EDE-4CC4-B5E9-336C96ADC0C3}.Debug|Any CPU.ActiveCfg = Debug|Any CPU
		{A7CD0EEE-3EDE-4CC4-B5E9-336C96ADC0C3}.Debug|Any CPU.Build.0 = Debug|Any CPU
		{A7CD0EEE-3EDE-4CC4-B5E9-336C96ADC0C3}.Release|Any CPU.ActiveCfg = Release|Any CPU
		{A7CD0EEE-3EDE-4CC4-B5E9-336C96ADC0C3}.Release|Any CPU.Build.0 = Release|Any CPU
		{01C8A9A4-8EDE-4730-BCA4-84B6DE00057C}.Debug|Any CPU.ActiveCfg = Debug|Any CPU
		{01C8A9A4-8EDE-4730-BCA4-84B6DE00057C}.Debug|Any CPU.Build.0 = Debug|Any CPU
		{01C8A9A4-8EDE-4730-BCA4-84B6DE00057C}.Release|Any CPU.ActiveCfg = Release|Any CPU
		{01C8A9A4-8EDE-4730-BCA4-84B6DE00057C}.Release|Any CPU.Build.0 = Release|Any CPU
	EndGlobalSection
	GlobalSection(SolutionProperties) = preSolution
		HideSolutionNode = FALSE
	EndGlobalSection
	GlobalSection(NestedProjects) = preSolution
		{3C25D115-BBDF-4D61-B0AE-EF0407BD861C} = {A0ADD96F-11A4-4D45-8CBA-D80970DE3F44}
		{3A03A599-7CEC-4390-8C8D-3D8D9E23EF55} = {DC8AAFB2-0B6B-47B8-80A6-63B2651EDF67}
		{91314C35-ECBD-467E-879F-F19B95C8091B} = {7EF89A1F-12D4-452B-86AD-AF37B35677F9}
		{9E640BB4-B25A-412C-9F97-C0558C05FAA6} = {7EF89A1F-12D4-452B-86AD-AF37B35677F9}
		{0BEDF789-0FD4-41E5-BF5F-077EF34CD5C9} = {7EF89A1F-12D4-452B-86AD-AF37B35677F9}
		{1FAB5D51-5B4D-4024-AF89-4259E574A7D9} = {91314C35-ECBD-467E-879F-F19B95C8091B}
		{FDA1D935-FE3F-47F5-8C04-D5A1890562DB} = {9E640BB4-B25A-412C-9F97-C0558C05FAA6}
		{EEE71D0F-7C03-4D7A-8B9D-FA2C07FC6C6D} = {9E640BB4-B25A-412C-9F97-C0558C05FAA6}
		{C4DD620F-7366-4B36-AFB7-E373C5F17794} = {0BEDF789-0FD4-41E5-BF5F-077EF34CD5C9}
		{7E85C8FB-FA50-4E40-AB34-1B299BC6DDE5} = {08560660-F691-4F8E-A45F-FEB4A57F571D}
		{A0ADD96F-11A4-4D45-8CBA-D80970DE3F44} = {08560660-F691-4F8E-A45F-FEB4A57F571D}
		{7EF89A1F-12D4-452B-86AD-AF37B35677F9} = {08560660-F691-4F8E-A45F-FEB4A57F571D}
		{DC8AAFB2-0B6B-47B8-80A6-63B2651EDF67} = {08560660-F691-4F8E-A45F-FEB4A57F571D}
		{3351C897-E1C5-4759-85A4-3C4716573A86} = {08560660-F691-4F8E-A45F-FEB4A57F571D}
		{A27D2E86-69E2-419F-BE15-8046770D49BE} = {3351C897-E1C5-4759-85A4-3C4716573A86}
		{C096557C-208A-4E4D-9481-EE24EFB2D52B} = {A27D2E86-69E2-419F-BE15-8046770D49BE}
		{89CDFA0B-7C09-4863-921C-A06BF8CF12DE} = {3351C897-E1C5-4759-85A4-3C4716573A86}
		{207ACFC2-280E-48A5-BE18-BA78F7FAC4C8} = {89CDFA0B-7C09-4863-921C-A06BF8CF12DE}
		{FD34E3D0-FEEF-47FD-B5DD-A34280E694F2} = {08560660-F691-4F8E-A45F-FEB4A57F571D}
		{5820DD99-DDCE-4453-8C9A-38B0A463E494} = {FD34E3D0-FEEF-47FD-B5DD-A34280E694F2}
		{39FAABDF-7348-454A-976D-637E6AD45CCA} = {FD34E3D0-FEEF-47FD-B5DD-A34280E694F2}
		{3E85E757-902A-43B0-A36C-7A2272886B09} = {FD34E3D0-FEEF-47FD-B5DD-A34280E694F2}
		{F40B3378-B82C-407E-8442-508244533553} = {5820DD99-DDCE-4453-8C9A-38B0A463E494}
		{1DEAB310-96FE-482F-AE9B-1E491DBD4F3D} = {39FAABDF-7348-454A-976D-637E6AD45CCA}
		{73592D95-51A5-455E-8471-9DF204B179A8} = {39FAABDF-7348-454A-976D-637E6AD45CCA}
		{672CCEA9-5384-4529-88CD-FE452B29228F} = {3E85E757-902A-43B0-A36C-7A2272886B09}
		{984C4463-4E68-4101-8531-015BAF38C28D} = {08560660-F691-4F8E-A45F-FEB4A57F571D}
		{C8B86AA8-5BFB-4CC6-B3DE-06279C7C919E} = {984C4463-4E68-4101-8531-015BAF38C28D}
		{65E0AB8E-B225-40D5-872E-7AF26EFA0956} = {984C4463-4E68-4101-8531-015BAF38C28D}
		{A7CD0EEE-3EDE-4CC4-B5E9-336C96ADC0C3} = {984C4463-4E68-4101-8531-015BAF38C28D}
		{01C8A9A4-8EDE-4730-BCA4-84B6DE00057C} = {984C4463-4E68-4101-8531-015BAF38C28D}
	EndGlobalSection
	GlobalSection(ExtensibilityGlobals) = postSolution
		SolutionGuid = {8E6013DD-CABB-4816-A270-694619EB38C8}
	EndGlobalSection
EndGlobal
